
Microsoft Visual Studio Solution File, Format Version 12.00
# Visual Studio 2012
Project("{FAE04EC0-301F-11D3-BF4B-00C04F79EFBC}") = "Site", "Site\Site.csproj", "{088C45EA-1548-4CF0-93B0-A78F5012F93B}"
EndProject
Project("{FAE04EC0-301F-11D3-BF4B-00C04F79EFBC}") = "Site.Tests", "Site.Tests\Site.Tests.csproj", "{E74505FE-3344-41EA-8FF8-552C70A71712}"
EndProject
Global
	GlobalSection(SolutionConfigurationPlatforms) = preSolution
		Debug|Any CPU = Debug|Any CPU
		Release|Any CPU = Release|Any CPU
	EndGlobalSection
	GlobalSection(ProjectConfigurationPlatforms) = postSolution
		{088C45EA-1548-4CF0-93B0-A78F5012F93B}.Debug|Any CPU.ActiveCfg = Debug|Any CPU
		{088C45EA-1548-4CF0-93B0-A78F5012F93B}.Debug|Any CPU.Build.0 = Debug|Any CPU
		{088C45EA-1548-4CF0-93B0-A78F5012F93B}.Release|Any CPU.ActiveCfg = Release|Any CPU
		{088C45EA-1548-4CF0-93B0-A78F5012F93B}.Release|Any CPU.Build.0 = Release|Any CPU
		{E74505FE-3344-41EA-8FF8-552C70A71712}.Debug|Any CPU.ActiveCfg = Debug|Any CPU
		{E74505FE-3344-41EA-8FF8-552C70A71712}.Debug|Any CPU.Build.0 = Debug|Any CPU
		{E74505FE-3344-41EA-8FF8-552C70A71712}.Release|Any CPU.ActiveCfg = Release|Any CPU
		{E74505FE-3344-41EA-8FF8-552C70A71712}.Release|Any CPU.Build.0 = Release|Any CPU
	EndGlobalSection
	GlobalSection(SolutionProperties) = preSolution
		HideSolutionNode = FALSE
	EndGlobalSection
EndGlobal
