
Microsoft Visual Studio Solution File, Format Version 12.00
# Visual Studio 2012
Project("{FAE04EC0-301F-11D3-BF4B-00C04F79EFBC}") = "MvcApplication5", "MvcApplication5\MvcApplication5.csproj", "{360AEA69-9C0E-4134-8479-0C8794150D23}"
EndProject
Project("{FAE04EC0-301F-11D3-BF4B-00C04F79EFBC}") = "MvcApplication5.Tests", "MvcApplication5.Tests\MvcApplication5.Tests.csproj", "{353ACC82-421C-4A9A-9E8B-5B576C76A432}"
EndProject
Global
	GlobalSection(SolutionConfigurationPlatforms) = preSolution
		Debug|Any CPU = Debug|Any CPU
		Release|Any CPU = Release|Any CPU
	EndGlobalSection
	GlobalSection(ProjectConfigurationPlatforms) = postSolution
		{360AEA69-9C0E-4134-8479-0C8794150D23}.Debug|Any CPU.ActiveCfg = Debug|Any CPU
		{360AEA69-9C0E-4134-8479-0C8794150D23}.Debug|Any CPU.Build.0 = Debug|Any CPU
		{360AEA69-9C0E-4134-8479-0C8794150D23}.Release|Any CPU.ActiveCfg = Release|Any CPU
		{360AEA69-9C0E-4134-8479-0C8794150D23}.Release|Any CPU.Build.0 = Release|Any CPU
		{353ACC82-421C-4A9A-9E8B-5B576C76A432}.Debug|Any CPU.ActiveCfg = Debug|Any CPU
		{353ACC82-421C-4A9A-9E8B-5B576C76A432}.Debug|Any CPU.Build.0 = Debug|Any CPU
		{353ACC82-421C-4A9A-9E8B-5B576C76A432}.Release|Any CPU.ActiveCfg = Release|Any CPU
		{353ACC82-421C-4A9A-9E8B-5B576C76A432}.Release|Any CPU.Build.0 = Release|Any CPU
	EndGlobalSection
	GlobalSection(SolutionProperties) = preSolution
		HideSolutionNode = FALSE
	EndGlobalSection
EndGlobal
